
Microsoft Visual Studio Solution File, Format Version 12.00
# Visual Studio Version 17
VisualStudioVersion = 17.7.34031.279
MinimumVisualStudioVersion = 10.0.40219.1
Project("{FAE04EC0-301F-11D3-BF4B-00C04F79EFBC}") = "RMAWeb", "RMAWeb\RMAWeb.csproj", "{749A4865-E54A-4224-95D3-7715C21E41C7}"
EndProject
Global
	GlobalSection(SolutionConfigurationPlatforms) = preSolution
		Debug|Any CPU = Debug|Any CPU
		Release|Any CPU = Release|Any CPU
	EndGlobalSection
	GlobalSection(ProjectConfigurationPlatforms) = postSolution
		{749A4865-E54A-4224-95D3-7715C21E41C7}.Debug|Any CPU.ActiveCfg = Debug|Any CPU
		{749A4865-E54A-4224-95D3-7715C21E41C7}.Debug|Any CPU.Build.0 = Debug|Any CPU
		{749A4865-E54A-4224-95D3-7715C21E41C7}.Release|Any CPU.ActiveCfg = Release|Any CPU
		{749A4865-E54A-4224-95D3-7715C21E41C7}.Release|Any CPU.Build.0 = Release|Any CPU
	EndGlobalSection
	GlobalSection(SolutionProperties) = preSolution
		HideSolutionNode = FALSE
	EndGlobalSection
	GlobalSection(ExtensibilityGlobals) = postSolution
		SolutionGuid = {8A265EF1-B287-4A70-98E8-6DC7719C9423}
	EndGlobalSection
EndGlobal
